// !$*UTF8*$!
{
	archiveVersion = 1;
	classes = {
	};
	objectVersion = 50;
	objects = {

/* Begin PBXBuildFile section */
		4A82179126865A6400652060 /* AppDelegate.swift in Sources */ = {isa = PBXBuildFile; fileRef = 4A82179026865A6400652060 /* AppDelegate.swift */; };
		4A82179326865A6400652060 /* SceneDelegate.swift in Sources */ = {isa = PBXBuildFile; fileRef = 4A82179226865A6400652060 /* SceneDelegate.swift */; };
		4A82179526865A6400652060 /* ViewController.swift in Sources */ = {isa = PBXBuildFile; fileRef = 4A82179426865A6400652060 /* ViewController.swift */; };
		4A82179826865A6400652060 /* Main.storyboard in Resources */ = {isa = PBXBuildFile; fileRef = 4A82179626865A6400652060 /* Main.storyboard */; };
		4A82179A26865A6600652060 /* Assets.xcassets in Resources */ = {isa = PBXBuildFile; fileRef = 4A82179926865A6600652060 /* Assets.xcassets */; };
		4A82179D26865A6600652060 /* LaunchScreen.storyboard in Resources */ = {isa = PBXBuildFile; fileRef = 4A82179B26865A6600652060 /* LaunchScreen.storyboard */; };
		4A8217AF268666C400652060 /* Card.swift in Sources */ = {isa = PBXBuildFile; fileRef = 4A8217AE268666C400652060 /* Card.swift */; };
		4A8217B22686670900652060 /* ConcentrationGame.swift in Sources */ = {isa = PBXBuildFile; fileRef = 4A8217B12686670900652060 /* ConcentrationGame.swift */; };
/* End PBXBuildFile section */

/* Begin PBXFileReference section */
		4A82178D26865A6400652060 /* Project 28-30 Milestone.app */ = {isa = PBXFileReference; explicitFileType = wrapper.application; includeInIndex = 0; path = "Project 28-30 Milestone.app"; sourceTree = BUILT_PRODUCTS_DIR; };
		4A82179026865A6400652060 /* AppDelegate.swift */ = {isa = PBXFileReference; lastKnownFileType = sourcecode.swift; path = AppDelegate.swift; sourceTree = "<group>"; };
		4A82179226865A6400652060 /* SceneDelegate.swift */ = {isa = PBXFileReference; lastKnownFileType = sourcecode.swift; path = SceneDelegate.swift; sourceTree = "<group>"; };
		4A82179426865A6400652060 /* ViewController.swift */ = {isa = PBXFileReference; lastKnownFileType = sourcecode.swift; path = ViewController.swift; sourceTree = "<group>"; };
		4A82179726865A6400652060 /* Base */ = {isa = PBXFileReference; lastKnownFileType = file.storyboard; name = Base; path = Base.lproj/Main.storyboard; sourceTree = "<group>"; };
		4A82179926865A6600652060 /* Assets.xcassets */ = {isa = PBXFileReference; lastKnownFileType = folder.assetcatalog; path = Assets.xcassets; sourceTree = "<group>"; };
		4A82179C26865A6600652060 /* Base */ = {isa = PBXFileReference; lastKnownFileType = file.storyboard; name = Base; path = Base.lproj/LaunchScreen.storyboard; sourceTree = "<group>"; };
		4A82179E26865A6600652060 /* Info.plist */ = {isa = PBXFileReference; lastKnownFileType = text.plist.xml; path = Info.plist; sourceTree = "<group>"; };
		4A8217AE268666C400652060 /* Card.swift */ = {isa = PBXFileReference; lastKnownFileType = sourcecode.swift; path = Card.swift; sourceTree = "<group>"; };
		4A8217B12686670900652060 /* ConcentrationGame.swift */ = {isa = PBXFileReference; lastKnownFileType = sourcecode.swift; path = ConcentrationGame.swift; sourceTree = "<group>"; };
/* End PBXFileReference section */

/* Begin PBXFrameworksBuildPhase section */
		4A82178A26865A6400652060 /* Frameworks */ = {
			isa = PBXFrameworksBuildPhase;
			buildActionMask = 2147483647;
			files = (
			);
			runOnlyForDeploymentPostprocessing = 0;
		};
/* End PBXFrameworksBuildPhase section */

/* Begin PBXGroup section */
		4A82178426865A6400652060 = {
			isa = PBXGroup;
			children = (
				4A82178F26865A6400652060 /* Project 28-30 Milestone */,
				4A82178E26865A6400652060 /* Products */,
			);
			sourceTree = "<group>";
		};
		4A82178E26865A6400652060 /* Products */ = {
			isa = PBXGroup;
			children = (
				4A82178D26865A6400652060 /* Project 28-30 Milestone.app */,
			);
			name = Products;
			sourceTree = "<group>";
		};
		4A82178F26865A6400652060 /* Project 28-30 Milestone */ = {
			isa = PBXGroup;
			children = (
				4A8217AD268666B200652060 /* Models */,
				4A8217A626865A9500652060 /* SupportingFiles */,
				4A8217A826865A9F00652060 /* Controller */,
				4A8217AA26865AB000652060 /* Storyboards */,
				4A8217AB26865ABA00652060 /* Resources */,
			);
			path = "Project 28-30 Milestone";
			sourceTree = "<group>";
		};
		4A8217A626865A9500652060 /* SupportingFiles */ = {
			isa = PBXGroup;
			children = (
				4A82179026865A6400652060 /* AppDelegate.swift */,
				4A82179226865A6400652060 /* SceneDelegate.swift */,
			);
			path = SupportingFiles;
			sourceTree = "<group>";
		};
		4A8217A826865A9F00652060 /* Controller */ = {
			isa = PBXGroup;
			children = (
				4A82179426865A6400652060 /* ViewController.swift */,
			);
			path = Controller;
			sourceTree = "<group>";
		};
		4A8217AA26865AB000652060 /* Storyboards */ = {
			isa = PBXGroup;
			children = (
				4A82179626865A6400652060 /* Main.storyboard */,
				4A82179B26865A6600652060 /* LaunchScreen.storyboard */,
			);
			path = Storyboards;
			sourceTree = "<group>";
		};
		4A8217AB26865ABA00652060 /* Resources */ = {
			isa = PBXGroup;
			children = (
				4A82179926865A6600652060 /* Assets.xcassets */,
				4A82179E26865A6600652060 /* Info.plist */,
			);
			path = Resources;
			sourceTree = "<group>";
		};
		4A8217AD268666B200652060 /* Models */ = {
			isa = PBXGroup;
			children = (
				4A8217AE268666C400652060 /* Card.swift */,
				4A8217B12686670900652060 /* ConcentrationGame.swift */,
			);
			path = Models;
			sourceTree = "<group>";
		};
/* End PBXGroup section */

/* Begin PBXNativeTarget section */
		4A82178C26865A6400652060 /* Project 28-30 Milestone */ = {
			isa = PBXNativeTarget;
			buildConfigurationList = 4A8217A126865A6600652060 /* Build configuration list for PBXNativeTarget "Project 28-30 Milestone" */;
			buildPhases = (
				4A82178926865A6400652060 /* Sources */,
				4A82178A26865A6400652060 /* Frameworks */,
				4A82178B26865A6400652060 /* Resources */,
			);
			buildRules = (
			);
			dependencies = (
			);
			name = "Project 28-30 Milestone";
			productName = "Project 28-30 Milestone";
			productReference = 4A82178D26865A6400652060 /* Project 28-30 Milestone.app */;
			productType = "com.apple.product-type.application";
		};
/* End PBXNativeTarget section */

/* Begin PBXProject section */
		4A82178526865A6400652060 /* Project object */ = {
			isa = PBXProject;
			attributes = {
				LastSwiftUpdateCheck = 1240;
				LastUpgradeCheck = 1240;
				TargetAttributes = {
					4A82178C26865A6400652060 = {
						CreatedOnToolsVersion = 12.4;
					};
				};
			};
			buildConfigurationList = 4A82178826865A6400652060 /* Build configuration list for PBXProject "Project 28-30 Milestone" */;
			compatibilityVersion = "Xcode 9.3";
			developmentRegion = en;
			hasScannedForEncodings = 0;
			knownRegions = (
				en,
				Base,
			);
			mainGroup = 4A82178426865A6400652060;
			productRefGroup = 4A82178E26865A6400652060 /* Products */;
			projectDirPath = "";
			projectRoot = "";
			targets = (
				4A82178C26865A6400652060 /* Project 28-30 Milestone */,
			);
		};
/* End PBXProject section */

/* Begin PBXResourcesBuildPhase section */
		4A82178B26865A6400652060 /* Resources */ = {
			isa = PBXResourcesBuildPhase;
			buildActionMask = 2147483647;
			files = (
				4A82179D26865A6600652060 /* LaunchScreen.storyboard in Resources */,
				4A82179A26865A6600652060 /* Assets.xcassets in Resources */,
				4A82179826865A6400652060 /* Main.storyboard in Resources */,
			);
			runOnlyForDeploymentPostprocessing = 0;
		};
/* End PBXResourcesBuildPhase section */

/* Begin PBXSourcesBuildPhase section */
		4A82178926865A6400652060 /* Sources */ = {
			isa = PBXSourcesBuildPhase;
			buildActionMask = 2147483647;
			files = (
				4A82179526865A6400652060 /* ViewController.swift in Sources */,
				4A82179126865A6400652060 /* AppDelegate.swift in Sources */,
				4A8217B22686670900652060 /* ConcentrationGame.swift in Sources */,
				4A82179326865A6400652060 /* SceneDelegate.swift in Sources */,
				4A8217AF268666C400652060 /* Card.swift in Sources */,
			);
			runOnlyForDeploymentPostprocessing = 0;
		};
/* End PBXSourcesBuildPhase section */

/* Begin PBXVariantGroup section */
		4A82179626865A6400652060 /* Main.storyboard */ = {
			isa = PBXVariantGroup;
			children = (
				4A82179726865A6400652060 /* Base */,
			);
			name = Main.storyboard;
			sourceTree = "<group>";
		};
		4A82179B26865A6600652060 /* LaunchScreen.storyboard */ = {
			isa = PBXVariantGroup;
			children = (
				4A82179C26865A6600652060 /* Base */,
			);
			name = LaunchScreen.storyboard;
			sourceTree = "<group>";
		};
/* End PBXVariantGroup section */

/* Begin XCBuildConfiguration section */
		4A82179F26865A6600652060 /* Debug */ = {
			isa = XCBuildConfiguration;
			buildSettings = {
				ALWAYS_SEARCH_USER_PATHS = NO;
				CLANG_ANALYZER_NONNULL = YES;
				CLANG_ANALYZER_NUMBER_OBJECT_CONVERSION = YES_AGGRESSIVE;
				CLANG_CXX_LANGUAGE_STANDARD = "gnu++14";
				CLANG_CXX_LIBRARY = "libc++";
				CLANG_ENABLE_MODULES = YES;
				CLANG_ENABLE_OBJC_ARC = YES;
				CLANG_ENABLE_OBJC_WEAK = YES;
				CLANG_WARN_BLOCK_CAPTURE_AUTORELEASING = YES;
				CLANG_WARN_BOOL_CONVERSION = YES;
				CLANG_WARN_COMMA = YES;
				CLANG_WARN_CONSTANT_CONVERSION = YES;
				CLANG_WARN_DEPRECATED_OBJC_IMPLEMENTATIONS = YES;
				CLANG_WARN_DIRECT_OBJC_ISA_USAGE = YES_ERROR;
				CLANG_WARN_DOCUMENTATION_COMMENTS = YES;
				CLANG_WARN_EMPTY_BODY = YES;
				CLANG_WARN_ENUM_CONVERSION = YES;
				CLANG_WARN_INFINITE_RECURSION = YES;
				CLANG_WARN_INT_CONVERSION = YES;
				CLANG_WARN_NON_LITERAL_NULL_CONVERSION = YES;
				CLANG_WARN_OBJC_IMPLICIT_RETAIN_SELF = YES;
				CLANG_WARN_OBJC_LITERAL_CONVERSION = YES;
				CLANG_WARN_OBJC_ROOT_CLASS = YES_ERROR;
				CLANG_WARN_QUOTED_INCLUDE_IN_FRAMEWORK_HEADER = YES;
				CLANG_WARN_RANGE_LOOP_ANALYSIS = YES;
				CLANG_WARN_STRICT_PROTOTYPES = YES;
				CLANG_WARN_SUSPICIOUS_MOVE = YES;
				CLANG_WARN_UNGUARDED_AVAILABILITY = YES_AGGRESSIVE;
				CLANG_WARN_UNREACHABLE_CODE = YES;
				CLANG_WARN__DUPLICATE_METHOD_MATCH = YES;
				COPY_PHASE_STRIP = NO;
				DEBUG_INFORMATION_FORMAT = dwarf;
				ENABLE_STRICT_OBJC_MSGSEND = YES;
				ENABLE_TESTABILITY = YES;
				GCC_C_LANGUAGE_STANDARD = gnu11;
				GCC_DYNAMIC_NO_PIC = NO;
				GCC_NO_COMMON_BLOCKS = YES;
				GCC_OPTIMIZATION_LEVEL = 0;
				GCC_PREPROCESSOR_DEFINITIONS = (
					"DEBUG=1",
					"$(inherited)",
				);
				GCC_WARN_64_TO_32_BIT_CONVERSION = YES;
				GCC_WARN_ABOUT_RETURN_TYPE = YES_ERROR;
				GCC_WARN_UNDECLARED_SELECTOR = YES;
				GCC_WARN_UNINITIALIZED_AUTOS = YES_AGGRESSIVE;
				GCC_WARN_UNUSED_FUNCTION = YES;
				GCC_WARN_UNUSED_VARIABLE = YES;
				IPHONEOS_DEPLOYMENT_TARGET = 14.4;
				MTL_ENABLE_DEBUG_INFO = INCLUDE_SOURCE;
				MTL_FAST_MATH = YES;
				ONLY_ACTIVE_ARCH = YES;
				SDKROOT = iphoneos;
				SWIFT_ACTIVE_COMPILATION_CONDITIONS = DEBUG;
				SWIFT_OPTIMIZATION_LEVEL = "-Onone";
			};
			name = Debug;
		};
		4A8217A026865A6600652060 /* Release */ = {
			isa = XCBuildConfiguration;
			buildSettings = {
				ALWAYS_SEARCH_USER_PATHS = NO;
				CLANG_ANALYZER_NONNULL = YES;
				CLANG_ANALYZER_NUMBER_OBJECT_CONVERSION = YES_AGGRESSIVE;
				CLANG_CXX_LANGUAGE_STANDARD = "gnu++14";
				CLANG_CXX_LIBRARY = "libc++";
				CLANG_ENABLE_MODULES = YES;
				CLANG_ENABLE_OBJC_ARC = YES;
				CLANG_ENABLE_OBJC_WEAK = YES;
				CLANG_WARN_BLOCK_CAPTURE_AUTORELEASING = YES;
				CLANG_WARN_BOOL_CONVERSION = YES;
				CLANG_WARN_COMMA = YES;
				CLANG_WARN_CONSTANT_CONVERSION = YES;
				CLANG_WARN_DEPRECATED_OBJC_IMPLEMENTATIONS = YES;
				CLANG_WARN_DIRECT_OBJC_ISA_USAGE = YES_ERROR;
				CLANG_WARN_DOCUMENTATION_COMMENTS = YES;
				CLANG_WARN_EMPTY_BODY = YES;
				CLANG_WARN_ENUM_CONVERSION = YES;
				CLANG_WARN_INFINITE_RECURSION = YES;
				CLANG_WARN_INT_CONVERSION = YES;
				CLANG_WARN_NON_LITERAL_NULL_CONVERSION = YES;
				CLANG_WARN_OBJC_IMPLICIT_RETAIN_SELF = YES;
				CLANG_WARN_OBJC_LITERAL_CONVERSION = YES;
				CLANG_WARN_OBJC_ROOT_CLASS = YES_ERROR;
				CLANG_WARN_QUOTED_INCLUDE_IN_FRAMEWORK_HEADER = YES;
				CLANG_WARN_RANGE_LOOP_ANALYSIS = YES;
				CLANG_WARN_STRICT_PROTOTYPES = YES;
				CLANG_WARN_SUSPICIOUS_MOVE = YES;
				CLANG_WARN_UNGUARDED_AVAILABILITY = YES_AGGRESSIVE;
				CLANG_WARN_UNREACHABLE_CODE = YES;
				CLANG_WARN__DUPLICATE_METHOD_MATCH = YES;
				COPY_PHASE_STRIP = NO;
				DEBUG_INFORMATION_FORMAT = "dwarf-with-dsym";
				ENABLE_NS_ASSERTIONS = NO;
				ENABLE_STRICT_OBJC_MSGSEND = YES;
				GCC_C_LANGUAGE_STANDARD = gnu11;
				GCC_NO_COMMON_BLOCKS = YES;
				GCC_WARN_64_TO_32_BIT_CONVERSION = YES;
				GCC_WARN_ABOUT_RETURN_TYPE = YES_ERROR;
				GCC_WARN_UNDECLARED_SELECTOR = YES;
				GCC_WARN_UNINITIALIZED_AUTOS = YES_AGGRESSIVE;
				GCC_WARN_UNUSED_FUNCTION = YES;
				GCC_WARN_UNUSED_VARIABLE = YES;
				IPHONEOS_DEPLOYMENT_TARGET = 14.4;
				MTL_ENABLE_DEBUG_INFO = NO;
				MTL_FAST_MATH = YES;
				SDKROOT = iphoneos;
				SWIFT_COMPILATION_MODE = wholemodule;
				SWIFT_OPTIMIZATION_LEVEL = "-O";
				VALIDATE_PRODUCT = YES;
			};
			name = Release;
		};
		4A8217A226865A6600652060 /* Debug */ = {
			isa = XCBuildConfiguration;
			buildSettings = {
				ASSETCATALOG_COMPILER_APPICON_NAME = AppIcon;
				ASSETCATALOG_COMPILER_GLOBAL_ACCENT_COLOR_NAME = AccentColor;
				CODE_SIGN_STYLE = Automatic;
				DEVELOPMENT_TEAM = N5DQ465SS7;
				INFOPLIST_FILE = "Project 28-30 Milestone/Resources/Info.plist";
				IPHONEOS_DEPLOYMENT_TARGET = 13.0;
				LD_RUNPATH_SEARCH_PATHS = (
					"$(inherited)",
					"@executable_path/Frameworks",
				);
				PRODUCT_BUNDLE_IDENTIFIER = "Sergey-Gnatyuk.Project-28-30-Milestone";
				PRODUCT_NAME = "$(TARGET_NAME)";
				SWIFT_VERSION = 5.0;
				TARGETED_DEVICE_FAMILY = "1,2";
			};
			name = Debug;
		};
		4A8217A326865A6600652060 /* Release */ = {
			isa = XCBuildConfiguration;
			buildSettings = {
				ASSETCATALOG_COMPILER_APPICON_NAME = AppIcon;
				ASSETCATALOG_COMPILER_GLOBAL_ACCENT_COLOR_NAME = AccentColor;
				CODE_SIGN_STYLE = Automatic;
				DEVELOPMENT_TEAM = N5DQ465SS7;
				INFOPLIST_FILE = "Project 28-30 Milestone/Resources/Info.plist";
				IPHONEOS_DEPLOYMENT_TARGET = 13.0;
				LD_RUNPATH_SEARCH_PATHS = (
					"$(inherited)",
					"@executable_path/Frameworks",
				);
				PRODUCT_BUNDLE_IDENTIFIER = "Sergey-Gnatyuk.Project-28-30-Milestone";
				PRODUCT_NAME = "$(TARGET_NAME)";
				SWIFT_VERSION = 5.0;
				TARGETED_DEVICE_FAMILY = "1,2";
			};
			name = Release;
		};
/* End XCBuildConfiguration section */

/* Begin XCConfigurationList section */
		4A82178826865A6400652060 /* Build configuration list for PBXProject "Project 28-30 Milestone" */ = {
			isa = XCConfigurationList;
			buildConfigurations = (
				4A82179F26865A6600652060 /* Debug */,
				4A8217A026865A6600652060 /* Release */,
			);
			defaultConfigurationIsVisible = 0;
			defaultConfigurationName = Release;
		};
		4A8217A126865A6600652060 /* Build configuration list for PBXNativeTarget "Project 28-30 Milestone" */ = {
			isa = XCConfigurationList;
			buildConfigurations = (
				4A8217A226865A6600652060 /* Debug */,
				4A8217A326865A6600652060 /* Release */,
			);
			defaultConfigurationIsVisible = 0;
			defaultConfigurationName = Release;
		};
/* End XCConfigurationList section */
	};
	rootObject = 4A82178526865A6400652060 /* Project object */;
}
