// !$*UTF8*$!
{
	archiveVersion = 1;
	classes = {
	};
	objectVersion = 50;
	objects = {

/* Begin PBXBuildFile section */
		4A2F0C6C26360CD400E5C650 /* Person.swift in Sources */ = {isa = PBXBuildFile; fileRef = 4A2F0C6B26360CD400E5C650 /* Person.swift */; };
		4AF9BE8F2635769B00E1D119 /* AppDelegate.swift in Sources */ = {isa = PBXBuildFile; fileRef = 4AF9BE8E2635769B00E1D119 /* AppDelegate.swift */; };
		4AF9BE912635769B00E1D119 /* SceneDelegate.swift in Sources */ = {isa = PBXBuildFile; fileRef = 4AF9BE902635769B00E1D119 /* SceneDelegate.swift */; };
		4AF9BE932635769B00E1D119 /* ViewController.swift in Sources */ = {isa = PBXBuildFile; fileRef = 4AF9BE922635769B00E1D119 /* ViewController.swift */; };
		4AF9BE962635769B00E1D119 /* Main.storyboard in Resources */ = {isa = PBXBuildFile; fileRef = 4AF9BE942635769B00E1D119 /* Main.storyboard */; };
		4AF9BE982635769F00E1D119 /* Assets.xcassets in Resources */ = {isa = PBXBuildFile; fileRef = 4AF9BE972635769F00E1D119 /* Assets.xcassets */; };
		4AF9BE9B2635769F00E1D119 /* LaunchScreen.storyboard in Resources */ = {isa = PBXBuildFile; fileRef = 4AF9BE992635769F00E1D119 /* LaunchScreen.storyboard */; };
		4AF9BEA42635789600E1D119 /* PersonCell.swift in Sources */ = {isa = PBXBuildFile; fileRef = 4AF9BEA32635789600E1D119 /* PersonCell.swift */; };
/* End PBXBuildFile section */

/* Begin PBXFileReference section */
		4A2F0C6B26360CD400E5C650 /* Person.swift */ = {isa = PBXFileReference; lastKnownFileType = sourcecode.swift; path = Person.swift; sourceTree = "<group>"; };
		4AF9BE8B2635769B00E1D119 /* Project10.app */ = {isa = PBXFileReference; explicitFileType = wrapper.application; includeInIndex = 0; path = Project10.app; sourceTree = BUILT_PRODUCTS_DIR; };
		4AF9BE8E2635769B00E1D119 /* AppDelegate.swift */ = {isa = PBXFileReference; lastKnownFileType = sourcecode.swift; path = AppDelegate.swift; sourceTree = "<group>"; };
		4AF9BE902635769B00E1D119 /* SceneDelegate.swift */ = {isa = PBXFileReference; lastKnownFileType = sourcecode.swift; path = SceneDelegate.swift; sourceTree = "<group>"; };
		4AF9BE922635769B00E1D119 /* ViewController.swift */ = {isa = PBXFileReference; lastKnownFileType = sourcecode.swift; path = ViewController.swift; sourceTree = "<group>"; };
		4AF9BE952635769B00E1D119 /* Base */ = {isa = PBXFileReference; lastKnownFileType = file.storyboard; name = Base; path = Base.lproj/Main.storyboard; sourceTree = "<group>"; };
		4AF9BE972635769F00E1D119 /* Assets.xcassets */ = {isa = PBXFileReference; lastKnownFileType = folder.assetcatalog; path = Assets.xcassets; sourceTree = "<group>"; };
		4AF9BE9A2635769F00E1D119 /* Base */ = {isa = PBXFileReference; lastKnownFileType = file.storyboard; name = Base; path = Base.lproj/LaunchScreen.storyboard; sourceTree = "<group>"; };
		4AF9BE9C2635769F00E1D119 /* Info.plist */ = {isa = PBXFileReference; lastKnownFileType = text.plist.xml; path = Info.plist; sourceTree = "<group>"; };
		4AF9BEA32635789600E1D119 /* PersonCell.swift */ = {isa = PBXFileReference; lastKnownFileType = sourcecode.swift; path = PersonCell.swift; sourceTree = "<group>"; };
/* End PBXFileReference section */

/* Begin PBXFrameworksBuildPhase section */
		4AF9BE882635769B00E1D119 /* Frameworks */ = {
			isa = PBXFrameworksBuildPhase;
			buildActionMask = 2147483647;
			files = (
			);
			runOnlyForDeploymentPostprocessing = 0;
		};
/* End PBXFrameworksBuildPhase section */

/* Begin PBXGroup section */
		4A9F0904263DFE0500E2EAA4 /* SupportingFiles */ = {
			isa = PBXGroup;
			children = (
				4AF9BE8E2635769B00E1D119 /* AppDelegate.swift */,
				4AF9BE902635769B00E1D119 /* SceneDelegate.swift */,
				4AF9BE9C2635769F00E1D119 /* Info.plist */,
			);
			path = SupportingFiles;
			sourceTree = "<group>";
		};
		4A9F0905263DFE1700E2EAA4 /* Resources  */ = {
			isa = PBXGroup;
			children = (
				4AF9BE972635769F00E1D119 /* Assets.xcassets */,
			);
			path = "Resources ";
			sourceTree = "<group>";
		};
		4A9F0906263DFE2900E2EAA4 /* View */ = {
			isa = PBXGroup;
			children = (
				4AF9BE942635769B00E1D119 /* Main.storyboard */,
				4AF9BE992635769F00E1D119 /* LaunchScreen.storyboard */,
			);
			path = View;
			sourceTree = "<group>";
		};
		4A9F0907263DFE3400E2EAA4 /* Controllers */ = {
			isa = PBXGroup;
			children = (
				4AF9BE922635769B00E1D119 /* ViewController.swift */,
				4AF9BEA32635789600E1D119 /* PersonCell.swift */,
			);
			path = Controllers;
			sourceTree = "<group>";
		};
		4A9F0908263DFE3C00E2EAA4 /* Model */ = {
			isa = PBXGroup;
			children = (
				4A2F0C6B26360CD400E5C650 /* Person.swift */,
			);
			path = Model;
			sourceTree = "<group>";
		};
		4AF9BE822635769B00E1D119 = {
			isa = PBXGroup;
			children = (
				4AF9BE8D2635769B00E1D119 /* Project10 */,
				4AF9BE8C2635769B00E1D119 /* Products */,
			);
			sourceTree = "<group>";
		};
		4AF9BE8C2635769B00E1D119 /* Products */ = {
			isa = PBXGroup;
			children = (
				4AF9BE8B2635769B00E1D119 /* Project10.app */,
			);
			name = Products;
			sourceTree = "<group>";
		};
		4AF9BE8D2635769B00E1D119 /* Project10 */ = {
			isa = PBXGroup;
			children = (
				4A9F0904263DFE0500E2EAA4 /* SupportingFiles */,
				4A9F0907263DFE3400E2EAA4 /* Controllers */,
				4A9F0908263DFE3C00E2EAA4 /* Model */,
				4A9F0906263DFE2900E2EAA4 /* View */,
				4A9F0905263DFE1700E2EAA4 /* Resources  */,
			);
			path = Project10;
			sourceTree = "<group>";
		};
/* End PBXGroup section */

/* Begin PBXNativeTarget section */
		4AF9BE8A2635769B00E1D119 /* Project10 */ = {
			isa = PBXNativeTarget;
			buildConfigurationList = 4AF9BE9F2635769F00E1D119 /* Build configuration list for PBXNativeTarget "Project10" */;
			buildPhases = (
				4AF9BE872635769B00E1D119 /* Sources */,
				4AF9BE882635769B00E1D119 /* Frameworks */,
				4AF9BE892635769B00E1D119 /* Resources */,
			);
			buildRules = (
			);
			dependencies = (
			);
			name = Project10;
			productName = Project10;
			productReference = 4AF9BE8B2635769B00E1D119 /* Project10.app */;
			productType = "com.apple.product-type.application";
		};
/* End PBXNativeTarget section */

/* Begin PBXProject section */
		4AF9BE832635769B00E1D119 /* Project object */ = {
			isa = PBXProject;
			attributes = {
				LastSwiftUpdateCheck = 1240;
				LastUpgradeCheck = 1240;
				TargetAttributes = {
					4AF9BE8A2635769B00E1D119 = {
						CreatedOnToolsVersion = 12.4;
					};
				};
			};
			buildConfigurationList = 4AF9BE862635769B00E1D119 /* Build configuration list for PBXProject "Project10" */;
			compatibilityVersion = "Xcode 9.3";
			developmentRegion = en;
			hasScannedForEncodings = 0;
			knownRegions = (
				en,
				Base,
			);
			mainGroup = 4AF9BE822635769B00E1D119;
			productRefGroup = 4AF9BE8C2635769B00E1D119 /* Products */;
			projectDirPath = "";
			projectRoot = "";
			targets = (
				4AF9BE8A2635769B00E1D119 /* Project10 */,
			);
		};
/* End PBXProject section */

/* Begin PBXResourcesBuildPhase section */
		4AF9BE892635769B00E1D119 /* Resources */ = {
			isa = PBXResourcesBuildPhase;
			buildActionMask = 2147483647;
			files = (
				4AF9BE9B2635769F00E1D119 /* LaunchScreen.storyboard in Resources */,
				4AF9BE982635769F00E1D119 /* Assets.xcassets in Resources */,
				4AF9BE962635769B00E1D119 /* Main.storyboard in Resources */,
			);
			runOnlyForDeploymentPostprocessing = 0;
		};
/* End PBXResourcesBuildPhase section */

/* Begin PBXSourcesBuildPhase section */
		4AF9BE872635769B00E1D119 /* Sources */ = {
			isa = PBXSourcesBuildPhase;
			buildActionMask = 2147483647;
			files = (
				4A2F0C6C26360CD400E5C650 /* Person.swift in Sources */,
				4AF9BE932635769B00E1D119 /* ViewController.swift in Sources */,
				4AF9BE8F2635769B00E1D119 /* AppDelegate.swift in Sources */,
				4AF9BEA42635789600E1D119 /* PersonCell.swift in Sources */,
				4AF9BE912635769B00E1D119 /* SceneDelegate.swift in Sources */,
			);
			runOnlyForDeploymentPostprocessing = 0;
		};
/* End PBXSourcesBuildPhase section */

/* Begin PBXVariantGroup section */
		4AF9BE942635769B00E1D119 /* Main.storyboard */ = {
			isa = PBXVariantGroup;
			children = (
				4AF9BE952635769B00E1D119 /* Base */,
			);
			name = Main.storyboard;
			sourceTree = "<group>";
		};
		4AF9BE992635769F00E1D119 /* LaunchScreen.storyboard */ = {
			isa = PBXVariantGroup;
			children = (
				4AF9BE9A2635769F00E1D119 /* Base */,
			);
			name = LaunchScreen.storyboard;
			sourceTree = "<group>";
		};
/* End PBXVariantGroup section */

/* Begin XCBuildConfiguration section */
		4AF9BE9D2635769F00E1D119 /* Debug */ = {
			isa = XCBuildConfiguration;
			buildSettings = {
				ALWAYS_SEARCH_USER_PATHS = NO;
				CLANG_ANALYZER_NONNULL = YES;
				CLANG_ANALYZER_NUMBER_OBJECT_CONVERSION = YES_AGGRESSIVE;
				CLANG_CXX_LANGUAGE_STANDARD = "gnu++14";
				CLANG_CXX_LIBRARY = "libc++";
				CLANG_ENABLE_MODULES = YES;
				CLANG_ENABLE_OBJC_ARC = YES;
				CLANG_ENABLE_OBJC_WEAK = YES;
				CLANG_WARN_BLOCK_CAPTURE_AUTORELEASING = YES;
				CLANG_WARN_BOOL_CONVERSION = YES;
				CLANG_WARN_COMMA = YES;
				CLANG_WARN_CONSTANT_CONVERSION = YES;
				CLANG_WARN_DEPRECATED_OBJC_IMPLEMENTATIONS = YES;
				CLANG_WARN_DIRECT_OBJC_ISA_USAGE = YES_ERROR;
				CLANG_WARN_DOCUMENTATION_COMMENTS = YES;
				CLANG_WARN_EMPTY_BODY = YES;
				CLANG_WARN_ENUM_CONVERSION = YES;
				CLANG_WARN_INFINITE_RECURSION = YES;
				CLANG_WARN_INT_CONVERSION = YES;
				CLANG_WARN_NON_LITERAL_NULL_CONVERSION = YES;
				CLANG_WARN_OBJC_IMPLICIT_RETAIN_SELF = YES;
				CLANG_WARN_OBJC_LITERAL_CONVERSION = YES;
				CLANG_WARN_OBJC_ROOT_CLASS = YES_ERROR;
				CLANG_WARN_QUOTED_INCLUDE_IN_FRAMEWORK_HEADER = YES;
				CLANG_WARN_RANGE_LOOP_ANALYSIS = YES;
				CLANG_WARN_STRICT_PROTOTYPES = YES;
				CLANG_WARN_SUSPICIOUS_MOVE = YES;
				CLANG_WARN_UNGUARDED_AVAILABILITY = YES_AGGRESSIVE;
				CLANG_WARN_UNREACHABLE_CODE = YES;
				CLANG_WARN__DUPLICATE_METHOD_MATCH = YES;
				COPY_PHASE_STRIP = NO;
				DEBUG_INFORMATION_FORMAT = dwarf;
				ENABLE_STRICT_OBJC_MSGSEND = YES;
				ENABLE_TESTABILITY = YES;
				GCC_C_LANGUAGE_STANDARD = gnu11;
				GCC_DYNAMIC_NO_PIC = NO;
				GCC_NO_COMMON_BLOCKS = YES;
				GCC_OPTIMIZATION_LEVEL = 0;
				GCC_PREPROCESSOR_DEFINITIONS = (
					"DEBUG=1",
					"$(inherited)",
				);
				GCC_WARN_64_TO_32_BIT_CONVERSION = YES;
				GCC_WARN_ABOUT_RETURN_TYPE = YES_ERROR;
				GCC_WARN_UNDECLARED_SELECTOR = YES;
				GCC_WARN_UNINITIALIZED_AUTOS = YES_AGGRESSIVE;
				GCC_WARN_UNUSED_FUNCTION = YES;
				GCC_WARN_UNUSED_VARIABLE = YES;
				IPHONEOS_DEPLOYMENT_TARGET = 14.4;
				MTL_ENABLE_DEBUG_INFO = INCLUDE_SOURCE;
				MTL_FAST_MATH = YES;
				ONLY_ACTIVE_ARCH = YES;
				SDKROOT = iphoneos;
				SWIFT_ACTIVE_COMPILATION_CONDITIONS = DEBUG;
				SWIFT_OPTIMIZATION_LEVEL = "-Onone";
			};
			name = Debug;
		};
		4AF9BE9E2635769F00E1D119 /* Release */ = {
			isa = XCBuildConfiguration;
			buildSettings = {
				ALWAYS_SEARCH_USER_PATHS = NO;
				CLANG_ANALYZER_NONNULL = YES;
				CLANG_ANALYZER_NUMBER_OBJECT_CONVERSION = YES_AGGRESSIVE;
				CLANG_CXX_LANGUAGE_STANDARD = "gnu++14";
				CLANG_CXX_LIBRARY = "libc++";
				CLANG_ENABLE_MODULES = YES;
				CLANG_ENABLE_OBJC_ARC = YES;
				CLANG_ENABLE_OBJC_WEAK = YES;
				CLANG_WARN_BLOCK_CAPTURE_AUTORELEASING = YES;
				CLANG_WARN_BOOL_CONVERSION = YES;
				CLANG_WARN_COMMA = YES;
				CLANG_WARN_CONSTANT_CONVERSION = YES;
				CLANG_WARN_DEPRECATED_OBJC_IMPLEMENTATIONS = YES;
				CLANG_WARN_DIRECT_OBJC_ISA_USAGE = YES_ERROR;
				CLANG_WARN_DOCUMENTATION_COMMENTS = YES;
				CLANG_WARN_EMPTY_BODY = YES;
				CLANG_WARN_ENUM_CONVERSION = YES;
				CLANG_WARN_INFINITE_RECURSION = YES;
				CLANG_WARN_INT_CONVERSION = YES;
				CLANG_WARN_NON_LITERAL_NULL_CONVERSION = YES;
				CLANG_WARN_OBJC_IMPLICIT_RETAIN_SELF = YES;
				CLANG_WARN_OBJC_LITERAL_CONVERSION = YES;
				CLANG_WARN_OBJC_ROOT_CLASS = YES_ERROR;
				CLANG_WARN_QUOTED_INCLUDE_IN_FRAMEWORK_HEADER = YES;
				CLANG_WARN_RANGE_LOOP_ANALYSIS = YES;
				CLANG_WARN_STRICT_PROTOTYPES = YES;
				CLANG_WARN_SUSPICIOUS_MOVE = YES;
				CLANG_WARN_UNGUARDED_AVAILABILITY = YES_AGGRESSIVE;
				CLANG_WARN_UNREACHABLE_CODE = YES;
				CLANG_WARN__DUPLICATE_METHOD_MATCH = YES;
				COPY_PHASE_STRIP = NO;
				DEBUG_INFORMATION_FORMAT = "dwarf-with-dsym";
				ENABLE_NS_ASSERTIONS = NO;
				ENABLE_STRICT_OBJC_MSGSEND = YES;
				GCC_C_LANGUAGE_STANDARD = gnu11;
				GCC_NO_COMMON_BLOCKS = YES;
				GCC_WARN_64_TO_32_BIT_CONVERSION = YES;
				GCC_WARN_ABOUT_RETURN_TYPE = YES_ERROR;
				GCC_WARN_UNDECLARED_SELECTOR = YES;
				GCC_WARN_UNINITIALIZED_AUTOS = YES_AGGRESSIVE;
				GCC_WARN_UNUSED_FUNCTION = YES;
				GCC_WARN_UNUSED_VARIABLE = YES;
				IPHONEOS_DEPLOYMENT_TARGET = 14.4;
				MTL_ENABLE_DEBUG_INFO = NO;
				MTL_FAST_MATH = YES;
				SDKROOT = iphoneos;
				SWIFT_COMPILATION_MODE = wholemodule;
				SWIFT_OPTIMIZATION_LEVEL = "-O";
				VALIDATE_PRODUCT = YES;
			};
			name = Release;
		};
		4AF9BEA02635769F00E1D119 /* Debug */ = {
			isa = XCBuildConfiguration;
			buildSettings = {
				ASSETCATALOG_COMPILER_APPICON_NAME = AppIcon;
				ASSETCATALOG_COMPILER_GLOBAL_ACCENT_COLOR_NAME = AccentColor;
				CODE_SIGN_STYLE = Automatic;
				DEVELOPMENT_TEAM = N5DQ465SS7;
				INFOPLIST_FILE = Project10/SupportingFiles/Info.plist;
				LD_RUNPATH_SEARCH_PATHS = (
					"$(inherited)",
					"@executable_path/Frameworks",
				);
				PRODUCT_BUNDLE_IDENTIFIER = "Sergey-Gnatyuk.Project10";
				PRODUCT_NAME = "$(TARGET_NAME)";
				SWIFT_VERSION = 5.0;
				TARGETED_DEVICE_FAMILY = "1,2";
			};
			name = Debug;
		};
		4AF9BEA12635769F00E1D119 /* Release */ = {
			isa = XCBuildConfiguration;
			buildSettings = {
				ASSETCATALOG_COMPILER_APPICON_NAME = AppIcon;
				ASSETCATALOG_COMPILER_GLOBAL_ACCENT_COLOR_NAME = AccentColor;
				CODE_SIGN_STYLE = Automatic;
				DEVELOPMENT_TEAM = N5DQ465SS7;
				INFOPLIST_FILE = Project10/SupportingFiles/Info.plist;
				LD_RUNPATH_SEARCH_PATHS = (
					"$(inherited)",
					"@executable_path/Frameworks",
				);
				PRODUCT_BUNDLE_IDENTIFIER = "Sergey-Gnatyuk.Project10";
				PRODUCT_NAME = "$(TARGET_NAME)";
				SWIFT_VERSION = 5.0;
				TARGETED_DEVICE_FAMILY = "1,2";
			};
			name = Release;
		};
/* End XCBuildConfiguration section */

/* Begin XCConfigurationList section */
		4AF9BE862635769B00E1D119 /* Build configuration list for PBXProject "Project10" */ = {
			isa = XCConfigurationList;
			buildConfigurations = (
				4AF9BE9D2635769F00E1D119 /* Debug */,
				4AF9BE9E2635769F00E1D119 /* Release */,
			);
			defaultConfigurationIsVisible = 0;
			defaultConfigurationName = Release;
		};
		4AF9BE9F2635769F00E1D119 /* Build configuration list for PBXNativeTarget "Project10" */ = {
			isa = XCConfigurationList;
			buildConfigurations = (
				4AF9BEA02635769F00E1D119 /* Debug */,
				4AF9BEA12635769F00E1D119 /* Release */,
			);
			defaultConfigurationIsVisible = 0;
			defaultConfigurationName = Release;
		};
/* End XCConfigurationList section */
	};
	rootObject = 4AF9BE832635769B00E1D119 /* Project object */;
}
