// !$*UTF8*$!
{
	archiveVersion = 1;
	classes = {
	};
	objectVersion = 50;
	objects = {

/* Begin PBXBuildFile section */
		4A8AAB02266416FE008A3989 /* AppDelegate.swift in Sources */ = {isa = PBXBuildFile; fileRef = 4A8AAB01266416FE008A3989 /* AppDelegate.swift */; };
		4A8AAB04266416FE008A3989 /* SceneDelegate.swift in Sources */ = {isa = PBXBuildFile; fileRef = 4A8AAB03266416FE008A3989 /* SceneDelegate.swift */; };
		4A8AAB06266416FE008A3989 /* ViewController.swift in Sources */ = {isa = PBXBuildFile; fileRef = 4A8AAB05266416FE008A3989 /* ViewController.swift */; };
		4A8AAB09266416FE008A3989 /* Main.storyboard in Resources */ = {isa = PBXBuildFile; fileRef = 4A8AAB07266416FE008A3989 /* Main.storyboard */; };
		4A8AAB0B266416FF008A3989 /* Assets.xcassets in Resources */ = {isa = PBXBuildFile; fileRef = 4A8AAB0A266416FF008A3989 /* Assets.xcassets */; };
		4A8AAB0E266416FF008A3989 /* LaunchScreen.storyboard in Resources */ = {isa = PBXBuildFile; fileRef = 4A8AAB0C266416FF008A3989 /* LaunchScreen.storyboard */; };
		4A8AAB18266419C6008A3989 /* NoteCell.swift in Sources */ = {isa = PBXBuildFile; fileRef = 4A8AAB17266419C6008A3989 /* NoteCell.swift */; };
		4A8AAB2026641B8B008A3989 /* DetailViewController.swift in Sources */ = {isa = PBXBuildFile; fileRef = 4A8AAB1F26641B8B008A3989 /* DetailViewController.swift */; };
		4A8AAB2726641C49008A3989 /* Note.swift in Sources */ = {isa = PBXBuildFile; fileRef = 4A8AAB2626641C49008A3989 /* Note.swift */; };
		4A8AAB2C266422EE008A3989 /* Delegate.swift in Sources */ = {isa = PBXBuildFile; fileRef = 4A8AAB2B266422EE008A3989 /* Delegate.swift */; };
		4A8AAB3226642C21008A3989 /* UIColor.swift in Sources */ = {isa = PBXBuildFile; fileRef = 4A8AAB3126642C21008A3989 /* UIColor.swift */; };
		4A8AAB3526643293008A3989 /* ViewController + DetailViewController.swift in Sources */ = {isa = PBXBuildFile; fileRef = 4A8AAB3426643293008A3989 /* ViewController + DetailViewController.swift */; };
		4A8AAB3926643365008A3989 /* DetailViewController + UITextViewDelegate.swift in Sources */ = {isa = PBXBuildFile; fileRef = 4A8AAB3826643365008A3989 /* DetailViewController + UITextViewDelegate.swift */; };
/* End PBXBuildFile section */

/* Begin PBXFileReference section */
		4A8AAAFE266416FE008A3989 /* Project 19-21 Milestone.app */ = {isa = PBXFileReference; explicitFileType = wrapper.application; includeInIndex = 0; path = "Project 19-21 Milestone.app"; sourceTree = BUILT_PRODUCTS_DIR; };
		4A8AAB01266416FE008A3989 /* AppDelegate.swift */ = {isa = PBXFileReference; lastKnownFileType = sourcecode.swift; path = AppDelegate.swift; sourceTree = "<group>"; };
		4A8AAB03266416FE008A3989 /* SceneDelegate.swift */ = {isa = PBXFileReference; lastKnownFileType = sourcecode.swift; path = SceneDelegate.swift; sourceTree = "<group>"; };
		4A8AAB05266416FE008A3989 /* ViewController.swift */ = {isa = PBXFileReference; lastKnownFileType = sourcecode.swift; path = ViewController.swift; sourceTree = "<group>"; };
		4A8AAB08266416FE008A3989 /* Base */ = {isa = PBXFileReference; lastKnownFileType = file.storyboard; name = Base; path = Base.lproj/Main.storyboard; sourceTree = "<group>"; };
		4A8AAB0A266416FF008A3989 /* Assets.xcassets */ = {isa = PBXFileReference; lastKnownFileType = folder.assetcatalog; path = Assets.xcassets; sourceTree = "<group>"; };
		4A8AAB0D266416FF008A3989 /* Base */ = {isa = PBXFileReference; lastKnownFileType = file.storyboard; name = Base; path = Base.lproj/LaunchScreen.storyboard; sourceTree = "<group>"; };
		4A8AAB0F266416FF008A3989 /* Info.plist */ = {isa = PBXFileReference; lastKnownFileType = text.plist.xml; path = Info.plist; sourceTree = "<group>"; };
		4A8AAB17266419C6008A3989 /* NoteCell.swift */ = {isa = PBXFileReference; lastKnownFileType = sourcecode.swift; path = NoteCell.swift; sourceTree = "<group>"; };
		4A8AAB1F26641B8B008A3989 /* DetailViewController.swift */ = {isa = PBXFileReference; lastKnownFileType = sourcecode.swift; path = DetailViewController.swift; sourceTree = "<group>"; };
		4A8AAB2626641C49008A3989 /* Note.swift */ = {isa = PBXFileReference; lastKnownFileType = sourcecode.swift; path = Note.swift; sourceTree = "<group>"; };
		4A8AAB2B266422EE008A3989 /* Delegate.swift */ = {isa = PBXFileReference; lastKnownFileType = sourcecode.swift; path = Delegate.swift; sourceTree = "<group>"; };
		4A8AAB3126642C21008A3989 /* UIColor.swift */ = {isa = PBXFileReference; lastKnownFileType = sourcecode.swift; path = UIColor.swift; sourceTree = "<group>"; };
		4A8AAB3426643293008A3989 /* ViewController + DetailViewController.swift */ = {isa = PBXFileReference; lastKnownFileType = sourcecode.swift; path = "ViewController + DetailViewController.swift"; sourceTree = "<group>"; };
		4A8AAB3826643365008A3989 /* DetailViewController + UITextViewDelegate.swift */ = {isa = PBXFileReference; lastKnownFileType = sourcecode.swift; path = "DetailViewController + UITextViewDelegate.swift"; sourceTree = "<group>"; };
/* End PBXFileReference section */

/* Begin PBXFrameworksBuildPhase section */
		4A8AAAFB266416FE008A3989 /* Frameworks */ = {
			isa = PBXFrameworksBuildPhase;
			buildActionMask = 2147483647;
			files = (
			);
			runOnlyForDeploymentPostprocessing = 0;
		};
/* End PBXFrameworksBuildPhase section */

/* Begin PBXGroup section */
		4A6A3EB0266451EE00235C54 /* Resources */ = {
			isa = PBXGroup;
			children = (
				4A8AAB0A266416FF008A3989 /* Assets.xcassets */,
				4A8AAB0F266416FF008A3989 /* Info.plist */,
			);
			path = Resources;
			sourceTree = "<group>";
		};
		4A8AAAF5266416FE008A3989 = {
			isa = PBXGroup;
			children = (
				4A8AAB00266416FE008A3989 /* Project 19-21 Milestone */,
				4A8AAAFF266416FE008A3989 /* Products */,
			);
			sourceTree = "<group>";
		};
		4A8AAAFF266416FE008A3989 /* Products */ = {
			isa = PBXGroup;
			children = (
				4A8AAAFE266416FE008A3989 /* Project 19-21 Milestone.app */,
			);
			name = Products;
			sourceTree = "<group>";
		};
		4A8AAB00266416FE008A3989 /* Project 19-21 Milestone */ = {
			isa = PBXGroup;
			children = (
				4A8AAB2F26642C09008A3989 /* Extension */,
				4A8AAB2326641BE2008A3989 /* SupportingFiles */,
				4A8AAB16266419B5008A3989 /* Models */,
				4A8AAB1D26641B6F008A3989 /* Controllers */,
				4A8AAB2226641BD5008A3989 /* Storyboard */,
				4A6A3EB0266451EE00235C54 /* Resources */,
			);
			path = "Project 19-21 Milestone";
			sourceTree = "<group>";
		};
		4A8AAB16266419B5008A3989 /* Models */ = {
			isa = PBXGroup;
			children = (
				4A8AAB17266419C6008A3989 /* NoteCell.swift */,
				4A8AAB2626641C49008A3989 /* Note.swift */,
			);
			path = Models;
			sourceTree = "<group>";
		};
		4A8AAB1D26641B6F008A3989 /* Controllers */ = {
			isa = PBXGroup;
			children = (
				4A8AAB05266416FE008A3989 /* ViewController.swift */,
				4A8AAB3426643293008A3989 /* ViewController + DetailViewController.swift */,
				4A8AAB2A266422D8008A3989 /* DetailViewController */,
			);
			path = Controllers;
			sourceTree = "<group>";
		};
		4A8AAB2226641BD5008A3989 /* Storyboard */ = {
			isa = PBXGroup;
			children = (
				4A8AAB07266416FE008A3989 /* Main.storyboard */,
				4A8AAB0C266416FF008A3989 /* LaunchScreen.storyboard */,
			);
			path = Storyboard;
			sourceTree = "<group>";
		};
		4A8AAB2326641BE2008A3989 /* SupportingFiles */ = {
			isa = PBXGroup;
			children = (
				4A8AAB01266416FE008A3989 /* AppDelegate.swift */,
				4A8AAB03266416FE008A3989 /* SceneDelegate.swift */,
			);
			path = SupportingFiles;
			sourceTree = "<group>";
		};
		4A8AAB2A266422D8008A3989 /* DetailViewController */ = {
			isa = PBXGroup;
			children = (
				4A8AAB1F26641B8B008A3989 /* DetailViewController.swift */,
				4A8AAB2B266422EE008A3989 /* Delegate.swift */,
				4A8AAB3826643365008A3989 /* DetailViewController + UITextViewDelegate.swift */,
			);
			path = DetailViewController;
			sourceTree = "<group>";
		};
		4A8AAB2F26642C09008A3989 /* Extension */ = {
			isa = PBXGroup;
			children = (
				4A8AAB3126642C21008A3989 /* UIColor.swift */,
			);
			path = Extension;
			sourceTree = "<group>";
		};
/* End PBXGroup section */

/* Begin PBXNativeTarget section */
		4A8AAAFD266416FE008A3989 /* Project 19-21 Milestone */ = {
			isa = PBXNativeTarget;
			buildConfigurationList = 4A8AAB12266416FF008A3989 /* Build configuration list for PBXNativeTarget "Project 19-21 Milestone" */;
			buildPhases = (
				4A8AAAFA266416FE008A3989 /* Sources */,
				4A8AAAFB266416FE008A3989 /* Frameworks */,
				4A8AAAFC266416FE008A3989 /* Resources */,
			);
			buildRules = (
			);
			dependencies = (
			);
			name = "Project 19-21 Milestone";
			productName = "Project 19-21 Milestone";
			productReference = 4A8AAAFE266416FE008A3989 /* Project 19-21 Milestone.app */;
			productType = "com.apple.product-type.application";
		};
/* End PBXNativeTarget section */

/* Begin PBXProject section */
		4A8AAAF6266416FE008A3989 /* Project object */ = {
			isa = PBXProject;
			attributes = {
				LastSwiftUpdateCheck = 1240;
				LastUpgradeCheck = 1240;
				TargetAttributes = {
					4A8AAAFD266416FE008A3989 = {
						CreatedOnToolsVersion = 12.4;
					};
				};
			};
			buildConfigurationList = 4A8AAAF9266416FE008A3989 /* Build configuration list for PBXProject "Project 19-21 Milestone" */;
			compatibilityVersion = "Xcode 9.3";
			developmentRegion = en;
			hasScannedForEncodings = 0;
			knownRegions = (
				en,
				Base,
			);
			mainGroup = 4A8AAAF5266416FE008A3989;
			productRefGroup = 4A8AAAFF266416FE008A3989 /* Products */;
			projectDirPath = "";
			projectRoot = "";
			targets = (
				4A8AAAFD266416FE008A3989 /* Project 19-21 Milestone */,
			);
		};
/* End PBXProject section */

/* Begin PBXResourcesBuildPhase section */
		4A8AAAFC266416FE008A3989 /* Resources */ = {
			isa = PBXResourcesBuildPhase;
			buildActionMask = 2147483647;
			files = (
				4A8AAB0E266416FF008A3989 /* LaunchScreen.storyboard in Resources */,
				4A8AAB0B266416FF008A3989 /* Assets.xcassets in Resources */,
				4A8AAB09266416FE008A3989 /* Main.storyboard in Resources */,
			);
			runOnlyForDeploymentPostprocessing = 0;
		};
/* End PBXResourcesBuildPhase section */

/* Begin PBXSourcesBuildPhase section */
		4A8AAAFA266416FE008A3989 /* Sources */ = {
			isa = PBXSourcesBuildPhase;
			buildActionMask = 2147483647;
			files = (
				4A8AAB06266416FE008A3989 /* ViewController.swift in Sources */,
				4A8AAB18266419C6008A3989 /* NoteCell.swift in Sources */,
				4A8AAB2026641B8B008A3989 /* DetailViewController.swift in Sources */,
				4A8AAB2C266422EE008A3989 /* Delegate.swift in Sources */,
				4A8AAB3926643365008A3989 /* DetailViewController + UITextViewDelegate.swift in Sources */,
				4A8AAB3526643293008A3989 /* ViewController + DetailViewController.swift in Sources */,
				4A8AAB02266416FE008A3989 /* AppDelegate.swift in Sources */,
				4A8AAB3226642C21008A3989 /* UIColor.swift in Sources */,
				4A8AAB04266416FE008A3989 /* SceneDelegate.swift in Sources */,
				4A8AAB2726641C49008A3989 /* Note.swift in Sources */,
			);
			runOnlyForDeploymentPostprocessing = 0;
		};
/* End PBXSourcesBuildPhase section */

/* Begin PBXVariantGroup section */
		4A8AAB07266416FE008A3989 /* Main.storyboard */ = {
			isa = PBXVariantGroup;
			children = (
				4A8AAB08266416FE008A3989 /* Base */,
			);
			name = Main.storyboard;
			sourceTree = "<group>";
		};
		4A8AAB0C266416FF008A3989 /* LaunchScreen.storyboard */ = {
			isa = PBXVariantGroup;
			children = (
				4A8AAB0D266416FF008A3989 /* Base */,
			);
			name = LaunchScreen.storyboard;
			sourceTree = "<group>";
		};
/* End PBXVariantGroup section */

/* Begin XCBuildConfiguration section */
		4A8AAB10266416FF008A3989 /* Debug */ = {
			isa = XCBuildConfiguration;
			buildSettings = {
				ALWAYS_SEARCH_USER_PATHS = NO;
				CLANG_ANALYZER_NONNULL = YES;
				CLANG_ANALYZER_NUMBER_OBJECT_CONVERSION = YES_AGGRESSIVE;
				CLANG_CXX_LANGUAGE_STANDARD = "gnu++14";
				CLANG_CXX_LIBRARY = "libc++";
				CLANG_ENABLE_MODULES = YES;
				CLANG_ENABLE_OBJC_ARC = YES;
				CLANG_ENABLE_OBJC_WEAK = YES;
				CLANG_WARN_BLOCK_CAPTURE_AUTORELEASING = YES;
				CLANG_WARN_BOOL_CONVERSION = YES;
				CLANG_WARN_COMMA = YES;
				CLANG_WARN_CONSTANT_CONVERSION = YES;
				CLANG_WARN_DEPRECATED_OBJC_IMPLEMENTATIONS = YES;
				CLANG_WARN_DIRECT_OBJC_ISA_USAGE = YES_ERROR;
				CLANG_WARN_DOCUMENTATION_COMMENTS = YES;
				CLANG_WARN_EMPTY_BODY = YES;
				CLANG_WARN_ENUM_CONVERSION = YES;
				CLANG_WARN_INFINITE_RECURSION = YES;
				CLANG_WARN_INT_CONVERSION = YES;
				CLANG_WARN_NON_LITERAL_NULL_CONVERSION = YES;
				CLANG_WARN_OBJC_IMPLICIT_RETAIN_SELF = YES;
				CLANG_WARN_OBJC_LITERAL_CONVERSION = YES;
				CLANG_WARN_OBJC_ROOT_CLASS = YES_ERROR;
				CLANG_WARN_QUOTED_INCLUDE_IN_FRAMEWORK_HEADER = YES;
				CLANG_WARN_RANGE_LOOP_ANALYSIS = YES;
				CLANG_WARN_STRICT_PROTOTYPES = YES;
				CLANG_WARN_SUSPICIOUS_MOVE = YES;
				CLANG_WARN_UNGUARDED_AVAILABILITY = YES_AGGRESSIVE;
				CLANG_WARN_UNREACHABLE_CODE = YES;
				CLANG_WARN__DUPLICATE_METHOD_MATCH = YES;
				COPY_PHASE_STRIP = NO;
				DEBUG_INFORMATION_FORMAT = dwarf;
				ENABLE_STRICT_OBJC_MSGSEND = YES;
				ENABLE_TESTABILITY = YES;
				GCC_C_LANGUAGE_STANDARD = gnu11;
				GCC_DYNAMIC_NO_PIC = NO;
				GCC_NO_COMMON_BLOCKS = YES;
				GCC_OPTIMIZATION_LEVEL = 0;
				GCC_PREPROCESSOR_DEFINITIONS = (
					"DEBUG=1",
					"$(inherited)",
				);
				GCC_WARN_64_TO_32_BIT_CONVERSION = YES;
				GCC_WARN_ABOUT_RETURN_TYPE = YES_ERROR;
				GCC_WARN_UNDECLARED_SELECTOR = YES;
				GCC_WARN_UNINITIALIZED_AUTOS = YES_AGGRESSIVE;
				GCC_WARN_UNUSED_FUNCTION = YES;
				GCC_WARN_UNUSED_VARIABLE = YES;
				IPHONEOS_DEPLOYMENT_TARGET = 14.4;
				MTL_ENABLE_DEBUG_INFO = INCLUDE_SOURCE;
				MTL_FAST_MATH = YES;
				ONLY_ACTIVE_ARCH = YES;
				SDKROOT = iphoneos;
				SWIFT_ACTIVE_COMPILATION_CONDITIONS = DEBUG;
				SWIFT_OPTIMIZATION_LEVEL = "-Onone";
			};
			name = Debug;
		};
		4A8AAB11266416FF008A3989 /* Release */ = {
			isa = XCBuildConfiguration;
			buildSettings = {
				ALWAYS_SEARCH_USER_PATHS = NO;
				CLANG_ANALYZER_NONNULL = YES;
				CLANG_ANALYZER_NUMBER_OBJECT_CONVERSION = YES_AGGRESSIVE;
				CLANG_CXX_LANGUAGE_STANDARD = "gnu++14";
				CLANG_CXX_LIBRARY = "libc++";
				CLANG_ENABLE_MODULES = YES;
				CLANG_ENABLE_OBJC_ARC = YES;
				CLANG_ENABLE_OBJC_WEAK = YES;
				CLANG_WARN_BLOCK_CAPTURE_AUTORELEASING = YES;
				CLANG_WARN_BOOL_CONVERSION = YES;
				CLANG_WARN_COMMA = YES;
				CLANG_WARN_CONSTANT_CONVERSION = YES;
				CLANG_WARN_DEPRECATED_OBJC_IMPLEMENTATIONS = YES;
				CLANG_WARN_DIRECT_OBJC_ISA_USAGE = YES_ERROR;
				CLANG_WARN_DOCUMENTATION_COMMENTS = YES;
				CLANG_WARN_EMPTY_BODY = YES;
				CLANG_WARN_ENUM_CONVERSION = YES;
				CLANG_WARN_INFINITE_RECURSION = YES;
				CLANG_WARN_INT_CONVERSION = YES;
				CLANG_WARN_NON_LITERAL_NULL_CONVERSION = YES;
				CLANG_WARN_OBJC_IMPLICIT_RETAIN_SELF = YES;
				CLANG_WARN_OBJC_LITERAL_CONVERSION = YES;
				CLANG_WARN_OBJC_ROOT_CLASS = YES_ERROR;
				CLANG_WARN_QUOTED_INCLUDE_IN_FRAMEWORK_HEADER = YES;
				CLANG_WARN_RANGE_LOOP_ANALYSIS = YES;
				CLANG_WARN_STRICT_PROTOTYPES = YES;
				CLANG_WARN_SUSPICIOUS_MOVE = YES;
				CLANG_WARN_UNGUARDED_AVAILABILITY = YES_AGGRESSIVE;
				CLANG_WARN_UNREACHABLE_CODE = YES;
				CLANG_WARN__DUPLICATE_METHOD_MATCH = YES;
				COPY_PHASE_STRIP = NO;
				DEBUG_INFORMATION_FORMAT = "dwarf-with-dsym";
				ENABLE_NS_ASSERTIONS = NO;
				ENABLE_STRICT_OBJC_MSGSEND = YES;
				GCC_C_LANGUAGE_STANDARD = gnu11;
				GCC_NO_COMMON_BLOCKS = YES;
				GCC_WARN_64_TO_32_BIT_CONVERSION = YES;
				GCC_WARN_ABOUT_RETURN_TYPE = YES_ERROR;
				GCC_WARN_UNDECLARED_SELECTOR = YES;
				GCC_WARN_UNINITIALIZED_AUTOS = YES_AGGRESSIVE;
				GCC_WARN_UNUSED_FUNCTION = YES;
				GCC_WARN_UNUSED_VARIABLE = YES;
				IPHONEOS_DEPLOYMENT_TARGET = 14.4;
				MTL_ENABLE_DEBUG_INFO = NO;
				MTL_FAST_MATH = YES;
				SDKROOT = iphoneos;
				SWIFT_COMPILATION_MODE = wholemodule;
				SWIFT_OPTIMIZATION_LEVEL = "-O";
				VALIDATE_PRODUCT = YES;
			};
			name = Release;
		};
		4A8AAB13266416FF008A3989 /* Debug */ = {
			isa = XCBuildConfiguration;
			buildSettings = {
				ASSETCATALOG_COMPILER_APPICON_NAME = AppIcon;
				ASSETCATALOG_COMPILER_GLOBAL_ACCENT_COLOR_NAME = AccentColor;
				CODE_SIGN_STYLE = Automatic;
				DEVELOPMENT_TEAM = N5DQ465SS7;
				INFOPLIST_FILE = "Project 19-21 Milestone/Resources/Info.plist";
				LD_RUNPATH_SEARCH_PATHS = (
					"$(inherited)",
					"@executable_path/Frameworks",
				);
				PRODUCT_BUNDLE_IDENTIFIER = "Sergey-Gnatyuk.Project-19-21-Milestone";
				PRODUCT_NAME = "$(TARGET_NAME)";
				SWIFT_VERSION = 5.0;
				TARGETED_DEVICE_FAMILY = "1,2";
			};
			name = Debug;
		};
		4A8AAB14266416FF008A3989 /* Release */ = {
			isa = XCBuildConfiguration;
			buildSettings = {
				ASSETCATALOG_COMPILER_APPICON_NAME = AppIcon;
				ASSETCATALOG_COMPILER_GLOBAL_ACCENT_COLOR_NAME = AccentColor;
				CODE_SIGN_STYLE = Automatic;
				DEVELOPMENT_TEAM = N5DQ465SS7;
				INFOPLIST_FILE = "Project 19-21 Milestone/Resources/Info.plist";
				LD_RUNPATH_SEARCH_PATHS = (
					"$(inherited)",
					"@executable_path/Frameworks",
				);
				PRODUCT_BUNDLE_IDENTIFIER = "Sergey-Gnatyuk.Project-19-21-Milestone";
				PRODUCT_NAME = "$(TARGET_NAME)";
				SWIFT_VERSION = 5.0;
				TARGETED_DEVICE_FAMILY = "1,2";
			};
			name = Release;
		};
/* End XCBuildConfiguration section */

/* Begin XCConfigurationList section */
		4A8AAAF9266416FE008A3989 /* Build configuration list for PBXProject "Project 19-21 Milestone" */ = {
			isa = XCConfigurationList;
			buildConfigurations = (
				4A8AAB10266416FF008A3989 /* Debug */,
				4A8AAB11266416FF008A3989 /* Release */,
			);
			defaultConfigurationIsVisible = 0;
			defaultConfigurationName = Release;
		};
		4A8AAB12266416FF008A3989 /* Build configuration list for PBXNativeTarget "Project 19-21 Milestone" */ = {
			isa = XCConfigurationList;
			buildConfigurations = (
				4A8AAB13266416FF008A3989 /* Debug */,
				4A8AAB14266416FF008A3989 /* Release */,
			);
			defaultConfigurationIsVisible = 0;
			defaultConfigurationName = Release;
		};
/* End XCConfigurationList section */
	};
	rootObject = 4A8AAAF6266416FE008A3989 /* Project object */;
}
