// !$*UTF8*$!
{
	archiveVersion = 1;
	classes = {
	};
	objectVersion = 50;
	objects = {

/* Begin PBXBuildFile section */
		4AC31DB5266CAEE5003F1B82 /* AppDelegate.swift in Sources */ = {isa = PBXBuildFile; fileRef = 4AC31DB4266CAEE5003F1B82 /* AppDelegate.swift */; };
		4AC31DB7266CAEE5003F1B82 /* SceneDelegate.swift in Sources */ = {isa = PBXBuildFile; fileRef = 4AC31DB6266CAEE5003F1B82 /* SceneDelegate.swift */; };
		4AC31DB9266CAEE5003F1B82 /* ViewController.swift in Sources */ = {isa = PBXBuildFile; fileRef = 4AC31DB8266CAEE5003F1B82 /* ViewController.swift */; };
		4AC31DBC266CAEE5003F1B82 /* Main.storyboard in Resources */ = {isa = PBXBuildFile; fileRef = 4AC31DBA266CAEE5003F1B82 /* Main.storyboard */; };
		4AC31DBE266CAEE8003F1B82 /* Assets.xcassets in Resources */ = {isa = PBXBuildFile; fileRef = 4AC31DBD266CAEE8003F1B82 /* Assets.xcassets */; };
		4AC31DC1266CAEE8003F1B82 /* LaunchScreen.storyboard in Resources */ = {isa = PBXBuildFile; fileRef = 4AC31DBF266CAEE8003F1B82 /* LaunchScreen.storyboard */; };
		4AC31DD2266CB40C003F1B82 /* ViewController+UINavigationControllerDelegate.swift in Sources */ = {isa = PBXBuildFile; fileRef = 4AC31DD1266CB40C003F1B82 /* ViewController+UINavigationControllerDelegate.swift */; };
		4AC31DD5266CB602003F1B82 /* ViewController+UIImagePickerControllerDelegate.swift in Sources */ = {isa = PBXBuildFile; fileRef = 4AC31DD4266CB602003F1B82 /* ViewController+UIImagePickerControllerDelegate.swift */; };
		4AC31DDC266D358C003F1B82 /* ViewController+MCBrowserViewControllerDelegate.swift in Sources */ = {isa = PBXBuildFile; fileRef = 4AC31DDB266D358C003F1B82 /* ViewController+MCBrowserViewControllerDelegate.swift */; };
		4AC31DDF266D3624003F1B82 /* ViewController+MCSessionDelegate.swift in Sources */ = {isa = PBXBuildFile; fileRef = 4AC31DDE266D3624003F1B82 /* ViewController+MCSessionDelegate.swift */; };
/* End PBXBuildFile section */

/* Begin PBXFileReference section */
		4AC31DB1266CAEE5003F1B82 /* Project25.app */ = {isa = PBXFileReference; explicitFileType = wrapper.application; includeInIndex = 0; path = Project25.app; sourceTree = BUILT_PRODUCTS_DIR; };
		4AC31DB4266CAEE5003F1B82 /* AppDelegate.swift */ = {isa = PBXFileReference; lastKnownFileType = sourcecode.swift; path = AppDelegate.swift; sourceTree = "<group>"; };
		4AC31DB6266CAEE5003F1B82 /* SceneDelegate.swift */ = {isa = PBXFileReference; lastKnownFileType = sourcecode.swift; path = SceneDelegate.swift; sourceTree = "<group>"; };
		4AC31DB8266CAEE5003F1B82 /* ViewController.swift */ = {isa = PBXFileReference; lastKnownFileType = sourcecode.swift; path = ViewController.swift; sourceTree = "<group>"; };
		4AC31DBB266CAEE5003F1B82 /* Base */ = {isa = PBXFileReference; lastKnownFileType = file.storyboard; name = Base; path = Base.lproj/Main.storyboard; sourceTree = "<group>"; };
		4AC31DBD266CAEE8003F1B82 /* Assets.xcassets */ = {isa = PBXFileReference; lastKnownFileType = folder.assetcatalog; path = Assets.xcassets; sourceTree = "<group>"; };
		4AC31DC0266CAEE8003F1B82 /* Base */ = {isa = PBXFileReference; lastKnownFileType = file.storyboard; name = Base; path = Base.lproj/LaunchScreen.storyboard; sourceTree = "<group>"; };
		4AC31DC2266CAEE8003F1B82 /* Info.plist */ = {isa = PBXFileReference; lastKnownFileType = text.plist.xml; path = Info.plist; sourceTree = "<group>"; };
		4AC31DD1266CB40C003F1B82 /* ViewController+UINavigationControllerDelegate.swift */ = {isa = PBXFileReference; lastKnownFileType = sourcecode.swift; path = "ViewController+UINavigationControllerDelegate.swift"; sourceTree = "<group>"; };
		4AC31DD4266CB602003F1B82 /* ViewController+UIImagePickerControllerDelegate.swift */ = {isa = PBXFileReference; lastKnownFileType = sourcecode.swift; path = "ViewController+UIImagePickerControllerDelegate.swift"; sourceTree = "<group>"; };
		4AC31DDB266D358C003F1B82 /* ViewController+MCBrowserViewControllerDelegate.swift */ = {isa = PBXFileReference; lastKnownFileType = sourcecode.swift; path = "ViewController+MCBrowserViewControllerDelegate.swift"; sourceTree = "<group>"; };
		4AC31DDE266D3624003F1B82 /* ViewController+MCSessionDelegate.swift */ = {isa = PBXFileReference; lastKnownFileType = sourcecode.swift; path = "ViewController+MCSessionDelegate.swift"; sourceTree = "<group>"; };
/* End PBXFileReference section */

/* Begin PBXFrameworksBuildPhase section */
		4AC31DAE266CAEE5003F1B82 /* Frameworks */ = {
			isa = PBXFrameworksBuildPhase;
			buildActionMask = 2147483647;
			files = (
			);
			runOnlyForDeploymentPostprocessing = 0;
		};
/* End PBXFrameworksBuildPhase section */

/* Begin PBXGroup section */
		4AC31DA8266CAEE5003F1B82 = {
			isa = PBXGroup;
			children = (
				4AC31DB3266CAEE5003F1B82 /* Project25 */,
				4AC31DB2266CAEE5003F1B82 /* Products */,
			);
			sourceTree = "<group>";
		};
		4AC31DB2266CAEE5003F1B82 /* Products */ = {
			isa = PBXGroup;
			children = (
				4AC31DB1266CAEE5003F1B82 /* Project25.app */,
			);
			name = Products;
			sourceTree = "<group>";
		};
		4AC31DB3266CAEE5003F1B82 /* Project25 */ = {
			isa = PBXGroup;
			children = (
				4AC31DC9266CAEF3003F1B82 /* SupportingFiles */,
				4AC31DCB266CAF06003F1B82 /* Controllers */,
				4AC31DCD266CAF13003F1B82 /* Storyboard */,
				4AC31DCE266CAF20003F1B82 /* Resources */,
			);
			path = Project25;
			sourceTree = "<group>";
		};
		4AC31DC9266CAEF3003F1B82 /* SupportingFiles */ = {
			isa = PBXGroup;
			children = (
				4AC31DB4266CAEE5003F1B82 /* AppDelegate.swift */,
				4AC31DB6266CAEE5003F1B82 /* SceneDelegate.swift */,
			);
			path = SupportingFiles;
			sourceTree = "<group>";
		};
		4AC31DCB266CAF06003F1B82 /* Controllers */ = {
			isa = PBXGroup;
			children = (
				4AC31DB8266CAEE5003F1B82 /* ViewController.swift */,
				4AC31DD1266CB40C003F1B82 /* ViewController+UINavigationControllerDelegate.swift */,
				4AC31DD4266CB602003F1B82 /* ViewController+UIImagePickerControllerDelegate.swift */,
				4AC31DDB266D358C003F1B82 /* ViewController+MCBrowserViewControllerDelegate.swift */,
				4AC31DDE266D3624003F1B82 /* ViewController+MCSessionDelegate.swift */,
			);
			path = Controllers;
			sourceTree = "<group>";
		};
		4AC31DCD266CAF13003F1B82 /* Storyboard */ = {
			isa = PBXGroup;
			children = (
				4AC31DBA266CAEE5003F1B82 /* Main.storyboard */,
				4AC31DBF266CAEE8003F1B82 /* LaunchScreen.storyboard */,
			);
			path = Storyboard;
			sourceTree = "<group>";
		};
		4AC31DCE266CAF20003F1B82 /* Resources */ = {
			isa = PBXGroup;
			children = (
				4AC31DBD266CAEE8003F1B82 /* Assets.xcassets */,
				4AC31DC2266CAEE8003F1B82 /* Info.plist */,
			);
			path = Resources;
			sourceTree = "<group>";
		};
/* End PBXGroup section */

/* Begin PBXNativeTarget section */
		4AC31DB0266CAEE5003F1B82 /* Project25 */ = {
			isa = PBXNativeTarget;
			buildConfigurationList = 4AC31DC5266CAEE8003F1B82 /* Build configuration list for PBXNativeTarget "Project25" */;
			buildPhases = (
				4AC31DAD266CAEE5003F1B82 /* Sources */,
				4AC31DAE266CAEE5003F1B82 /* Frameworks */,
				4AC31DAF266CAEE5003F1B82 /* Resources */,
			);
			buildRules = (
			);
			dependencies = (
			);
			name = Project25;
			productName = Project25;
			productReference = 4AC31DB1266CAEE5003F1B82 /* Project25.app */;
			productType = "com.apple.product-type.application";
		};
/* End PBXNativeTarget section */

/* Begin PBXProject section */
		4AC31DA9266CAEE5003F1B82 /* Project object */ = {
			isa = PBXProject;
			attributes = {
				LastSwiftUpdateCheck = 1240;
				LastUpgradeCheck = 1240;
				TargetAttributes = {
					4AC31DB0266CAEE5003F1B82 = {
						CreatedOnToolsVersion = 12.4;
					};
				};
			};
			buildConfigurationList = 4AC31DAC266CAEE5003F1B82 /* Build configuration list for PBXProject "Project25" */;
			compatibilityVersion = "Xcode 9.3";
			developmentRegion = en;
			hasScannedForEncodings = 0;
			knownRegions = (
				en,
				Base,
			);
			mainGroup = 4AC31DA8266CAEE5003F1B82;
			productRefGroup = 4AC31DB2266CAEE5003F1B82 /* Products */;
			projectDirPath = "";
			projectRoot = "";
			targets = (
				4AC31DB0266CAEE5003F1B82 /* Project25 */,
			);
		};
/* End PBXProject section */

/* Begin PBXResourcesBuildPhase section */
		4AC31DAF266CAEE5003F1B82 /* Resources */ = {
			isa = PBXResourcesBuildPhase;
			buildActionMask = 2147483647;
			files = (
				4AC31DC1266CAEE8003F1B82 /* LaunchScreen.storyboard in Resources */,
				4AC31DBE266CAEE8003F1B82 /* Assets.xcassets in Resources */,
				4AC31DBC266CAEE5003F1B82 /* Main.storyboard in Resources */,
			);
			runOnlyForDeploymentPostprocessing = 0;
		};
/* End PBXResourcesBuildPhase section */

/* Begin PBXSourcesBuildPhase section */
		4AC31DAD266CAEE5003F1B82 /* Sources */ = {
			isa = PBXSourcesBuildPhase;
			buildActionMask = 2147483647;
			files = (
				4AC31DB9266CAEE5003F1B82 /* ViewController.swift in Sources */,
				4AC31DD5266CB602003F1B82 /* ViewController+UIImagePickerControllerDelegate.swift in Sources */,
				4AC31DD2266CB40C003F1B82 /* ViewController+UINavigationControllerDelegate.swift in Sources */,
				4AC31DDF266D3624003F1B82 /* ViewController+MCSessionDelegate.swift in Sources */,
				4AC31DB5266CAEE5003F1B82 /* AppDelegate.swift in Sources */,
				4AC31DDC266D358C003F1B82 /* ViewController+MCBrowserViewControllerDelegate.swift in Sources */,
				4AC31DB7266CAEE5003F1B82 /* SceneDelegate.swift in Sources */,
			);
			runOnlyForDeploymentPostprocessing = 0;
		};
/* End PBXSourcesBuildPhase section */

/* Begin PBXVariantGroup section */
		4AC31DBA266CAEE5003F1B82 /* Main.storyboard */ = {
			isa = PBXVariantGroup;
			children = (
				4AC31DBB266CAEE5003F1B82 /* Base */,
			);
			name = Main.storyboard;
			sourceTree = "<group>";
		};
		4AC31DBF266CAEE8003F1B82 /* LaunchScreen.storyboard */ = {
			isa = PBXVariantGroup;
			children = (
				4AC31DC0266CAEE8003F1B82 /* Base */,
			);
			name = LaunchScreen.storyboard;
			sourceTree = "<group>";
		};
/* End PBXVariantGroup section */

/* Begin XCBuildConfiguration section */
		4AC31DC3266CAEE8003F1B82 /* Debug */ = {
			isa = XCBuildConfiguration;
			buildSettings = {
				ALWAYS_SEARCH_USER_PATHS = NO;
				CLANG_ANALYZER_NONNULL = YES;
				CLANG_ANALYZER_NUMBER_OBJECT_CONVERSION = YES_AGGRESSIVE;
				CLANG_CXX_LANGUAGE_STANDARD = "gnu++14";
				CLANG_CXX_LIBRARY = "libc++";
				CLANG_ENABLE_MODULES = YES;
				CLANG_ENABLE_OBJC_ARC = YES;
				CLANG_ENABLE_OBJC_WEAK = YES;
				CLANG_WARN_BLOCK_CAPTURE_AUTORELEASING = YES;
				CLANG_WARN_BOOL_CONVERSION = YES;
				CLANG_WARN_COMMA = YES;
				CLANG_WARN_CONSTANT_CONVERSION = YES;
				CLANG_WARN_DEPRECATED_OBJC_IMPLEMENTATIONS = YES;
				CLANG_WARN_DIRECT_OBJC_ISA_USAGE = YES_ERROR;
				CLANG_WARN_DOCUMENTATION_COMMENTS = YES;
				CLANG_WARN_EMPTY_BODY = YES;
				CLANG_WARN_ENUM_CONVERSION = YES;
				CLANG_WARN_INFINITE_RECURSION = YES;
				CLANG_WARN_INT_CONVERSION = YES;
				CLANG_WARN_NON_LITERAL_NULL_CONVERSION = YES;
				CLANG_WARN_OBJC_IMPLICIT_RETAIN_SELF = YES;
				CLANG_WARN_OBJC_LITERAL_CONVERSION = YES;
				CLANG_WARN_OBJC_ROOT_CLASS = YES_ERROR;
				CLANG_WARN_QUOTED_INCLUDE_IN_FRAMEWORK_HEADER = YES;
				CLANG_WARN_RANGE_LOOP_ANALYSIS = YES;
				CLANG_WARN_STRICT_PROTOTYPES = YES;
				CLANG_WARN_SUSPICIOUS_MOVE = YES;
				CLANG_WARN_UNGUARDED_AVAILABILITY = YES_AGGRESSIVE;
				CLANG_WARN_UNREACHABLE_CODE = YES;
				CLANG_WARN__DUPLICATE_METHOD_MATCH = YES;
				COPY_PHASE_STRIP = NO;
				DEBUG_INFORMATION_FORMAT = dwarf;
				ENABLE_STRICT_OBJC_MSGSEND = YES;
				ENABLE_TESTABILITY = YES;
				GCC_C_LANGUAGE_STANDARD = gnu11;
				GCC_DYNAMIC_NO_PIC = NO;
				GCC_NO_COMMON_BLOCKS = YES;
				GCC_OPTIMIZATION_LEVEL = 0;
				GCC_PREPROCESSOR_DEFINITIONS = (
					"DEBUG=1",
					"$(inherited)",
				);
				GCC_WARN_64_TO_32_BIT_CONVERSION = YES;
				GCC_WARN_ABOUT_RETURN_TYPE = YES_ERROR;
				GCC_WARN_UNDECLARED_SELECTOR = YES;
				GCC_WARN_UNINITIALIZED_AUTOS = YES_AGGRESSIVE;
				GCC_WARN_UNUSED_FUNCTION = YES;
				GCC_WARN_UNUSED_VARIABLE = YES;
				IPHONEOS_DEPLOYMENT_TARGET = 14.4;
				MTL_ENABLE_DEBUG_INFO = INCLUDE_SOURCE;
				MTL_FAST_MATH = YES;
				ONLY_ACTIVE_ARCH = YES;
				SDKROOT = iphoneos;
				SWIFT_ACTIVE_COMPILATION_CONDITIONS = DEBUG;
				SWIFT_OPTIMIZATION_LEVEL = "-Onone";
			};
			name = Debug;
		};
		4AC31DC4266CAEE8003F1B82 /* Release */ = {
			isa = XCBuildConfiguration;
			buildSettings = {
				ALWAYS_SEARCH_USER_PATHS = NO;
				CLANG_ANALYZER_NONNULL = YES;
				CLANG_ANALYZER_NUMBER_OBJECT_CONVERSION = YES_AGGRESSIVE;
				CLANG_CXX_LANGUAGE_STANDARD = "gnu++14";
				CLANG_CXX_LIBRARY = "libc++";
				CLANG_ENABLE_MODULES = YES;
				CLANG_ENABLE_OBJC_ARC = YES;
				CLANG_ENABLE_OBJC_WEAK = YES;
				CLANG_WARN_BLOCK_CAPTURE_AUTORELEASING = YES;
				CLANG_WARN_BOOL_CONVERSION = YES;
				CLANG_WARN_COMMA = YES;
				CLANG_WARN_CONSTANT_CONVERSION = YES;
				CLANG_WARN_DEPRECATED_OBJC_IMPLEMENTATIONS = YES;
				CLANG_WARN_DIRECT_OBJC_ISA_USAGE = YES_ERROR;
				CLANG_WARN_DOCUMENTATION_COMMENTS = YES;
				CLANG_WARN_EMPTY_BODY = YES;
				CLANG_WARN_ENUM_CONVERSION = YES;
				CLANG_WARN_INFINITE_RECURSION = YES;
				CLANG_WARN_INT_CONVERSION = YES;
				CLANG_WARN_NON_LITERAL_NULL_CONVERSION = YES;
				CLANG_WARN_OBJC_IMPLICIT_RETAIN_SELF = YES;
				CLANG_WARN_OBJC_LITERAL_CONVERSION = YES;
				CLANG_WARN_OBJC_ROOT_CLASS = YES_ERROR;
				CLANG_WARN_QUOTED_INCLUDE_IN_FRAMEWORK_HEADER = YES;
				CLANG_WARN_RANGE_LOOP_ANALYSIS = YES;
				CLANG_WARN_STRICT_PROTOTYPES = YES;
				CLANG_WARN_SUSPICIOUS_MOVE = YES;
				CLANG_WARN_UNGUARDED_AVAILABILITY = YES_AGGRESSIVE;
				CLANG_WARN_UNREACHABLE_CODE = YES;
				CLANG_WARN__DUPLICATE_METHOD_MATCH = YES;
				COPY_PHASE_STRIP = NO;
				DEBUG_INFORMATION_FORMAT = "dwarf-with-dsym";
				ENABLE_NS_ASSERTIONS = NO;
				ENABLE_STRICT_OBJC_MSGSEND = YES;
				GCC_C_LANGUAGE_STANDARD = gnu11;
				GCC_NO_COMMON_BLOCKS = YES;
				GCC_WARN_64_TO_32_BIT_CONVERSION = YES;
				GCC_WARN_ABOUT_RETURN_TYPE = YES_ERROR;
				GCC_WARN_UNDECLARED_SELECTOR = YES;
				GCC_WARN_UNINITIALIZED_AUTOS = YES_AGGRESSIVE;
				GCC_WARN_UNUSED_FUNCTION = YES;
				GCC_WARN_UNUSED_VARIABLE = YES;
				IPHONEOS_DEPLOYMENT_TARGET = 14.4;
				MTL_ENABLE_DEBUG_INFO = NO;
				MTL_FAST_MATH = YES;
				SDKROOT = iphoneos;
				SWIFT_COMPILATION_MODE = wholemodule;
				SWIFT_OPTIMIZATION_LEVEL = "-O";
				VALIDATE_PRODUCT = YES;
			};
			name = Release;
		};
		4AC31DC6266CAEE8003F1B82 /* Debug */ = {
			isa = XCBuildConfiguration;
			buildSettings = {
				ASSETCATALOG_COMPILER_APPICON_NAME = AppIcon;
				ASSETCATALOG_COMPILER_GLOBAL_ACCENT_COLOR_NAME = AccentColor;
				CODE_SIGN_STYLE = Automatic;
				DEVELOPMENT_TEAM = N5DQ465SS7;
				INFOPLIST_FILE = Project25/Resources/Info.plist;
				LD_RUNPATH_SEARCH_PATHS = (
					"$(inherited)",
					"@executable_path/Frameworks",
				);
				PRODUCT_BUNDLE_IDENTIFIER = "Sergey-Gnatyuk.Project25";
				PRODUCT_NAME = "$(TARGET_NAME)";
				SWIFT_VERSION = 5.0;
				TARGETED_DEVICE_FAMILY = "1,2";
			};
			name = Debug;
		};
		4AC31DC7266CAEE8003F1B82 /* Release */ = {
			isa = XCBuildConfiguration;
			buildSettings = {
				ASSETCATALOG_COMPILER_APPICON_NAME = AppIcon;
				ASSETCATALOG_COMPILER_GLOBAL_ACCENT_COLOR_NAME = AccentColor;
				CODE_SIGN_STYLE = Automatic;
				DEVELOPMENT_TEAM = N5DQ465SS7;
				INFOPLIST_FILE = Project25/Resources/Info.plist;
				LD_RUNPATH_SEARCH_PATHS = (
					"$(inherited)",
					"@executable_path/Frameworks",
				);
				PRODUCT_BUNDLE_IDENTIFIER = "Sergey-Gnatyuk.Project25";
				PRODUCT_NAME = "$(TARGET_NAME)";
				SWIFT_VERSION = 5.0;
				TARGETED_DEVICE_FAMILY = "1,2";
			};
			name = Release;
		};
/* End XCBuildConfiguration section */

/* Begin XCConfigurationList section */
		4AC31DAC266CAEE5003F1B82 /* Build configuration list for PBXProject "Project25" */ = {
			isa = XCConfigurationList;
			buildConfigurations = (
				4AC31DC3266CAEE8003F1B82 /* Debug */,
				4AC31DC4266CAEE8003F1B82 /* Release */,
			);
			defaultConfigurationIsVisible = 0;
			defaultConfigurationName = Release;
		};
		4AC31DC5266CAEE8003F1B82 /* Build configuration list for PBXNativeTarget "Project25" */ = {
			isa = XCConfigurationList;
			buildConfigurations = (
				4AC31DC6266CAEE8003F1B82 /* Debug */,
				4AC31DC7266CAEE8003F1B82 /* Release */,
			);
			defaultConfigurationIsVisible = 0;
			defaultConfigurationName = Release;
		};
/* End XCConfigurationList section */
	};
	rootObject = 4AC31DA9266CAEE5003F1B82 /* Project object */;
}
